
Microsoft Visual Studio Solution File, Format Version 12.00
# Visual Studio Version 17
VisualStudioVersion = 17.5.002.0
MinimumVisualStudioVersion = 10.0.40219.1
Project("{9A19103F-16F7-4668-BE54-9A1E7A4F7556}") = "loop-iteration-practice-russk14", "loop-iteration-practice-russk14.csproj", "{87B51E9C-C1B3-4A36-BD43-0C8EB57AC7FB}"
EndProject
Global
	GlobalSection(SolutionConfigurationPlatforms) = preSolution
		Debug|Any CPU = Debug|Any CPU
		Release|Any CPU = Release|Any CPU
	EndGlobalSection
	GlobalSection(ProjectConfigurationPlatforms) = postSolution
		{87B51E9C-C1B3-4A36-BD43-0C8EB57AC7FB}.Debug|Any CPU.ActiveCfg = Debug|Any CPU
		{87B51E9C-C1B3-4A36-BD43-0C8EB57AC7FB}.Debug|Any CPU.Build.0 = Debug|Any CPU
		{87B51E9C-C1B3-4A36-BD43-0C8EB57AC7FB}.Release|Any CPU.ActiveCfg = Release|Any CPU
		{87B51E9C-C1B3-4A36-BD43-0C8EB57AC7FB}.Release|Any CPU.Build.0 = Release|Any CPU
	EndGlobalSection
	GlobalSection(SolutionProperties) = preSolution
		HideSolutionNode = FALSE
	EndGlobalSection
	GlobalSection(ExtensibilityGlobals) = postSolution
		SolutionGuid = {9C87D049-0967-427A-9AA2-3ACC7C9BB924}
	EndGlobalSection
EndGlobal
